{
  "requires": true,
  "lockfileVersion": 1,
  "dependencies": {
    "jw-angular-pagination": {
      "version": "1.1.0",
      "resolved": "https://registry.npmjs.org/jw-angular-pagination/-/jw-angular-pagination-1.1.0.tgz",
      "integrity": "sha512-f6Xy4NMmT0evMLWqnbKhsLMhBA0JW1Peg9e2ujRzUcDeCtzQaMsRZ4fEslplPnyKSUPhJvE64DILbKPH06kC3A==",
      "requires": {
        "jw-paginate": "^1.0.2"
      }
    },
    "jw-paginate": {
      "version": "1.0.4",
      "resolved": "https://registry.npmjs.org/jw-paginate/-/jw-paginate-1.0.4.tgz",
      "integrity": "sha512-W0bv782exgCoynUL/egbRpaYwf/r6T6e02H870H5u3hfSgEYrxgz5POwmFF5aApS6iPi6yhZ0VF8IbafNFsntA=="
    }
  }
}
